
Microsoft Visual Studio Solution File, Format Version 12.00
# Visual Studio Version 16
VisualStudioVersion = 16.0.31729.503
MinimumVisualStudioVersion = 10.0.40219.1
Project("{9A19103F-16F7-4668-BE54-9A1E7A4F7556}") = "SuperHeroApp", "SuperHeroApp\SuperHeroApp.csproj", "{9DEDA821-4641-4FB0-A720-37B6C4C5003D}"
EndProject
Project("{FAE04EC0-301F-11D3-BF4B-00C04F79EFBC}") = "SuperHeroApp.Tests", "SuperHeroApp.Tests\SuperHeroApp.Tests.csproj", "{6339F515-4396-405C-B0C0-EEE9237C6981}"
EndProject
Global
	GlobalSection(SolutionConfigurationPlatforms) = preSolution
		Debug|Any CPU = Debug|Any CPU
		Release|Any CPU = Release|Any CPU
	EndGlobalSection
	GlobalSection(ProjectConfigurationPlatforms) = postSolution
		{9DEDA821-4641-4FB0-A720-37B6C4C5003D}.Debug|Any CPU.ActiveCfg = Debug|Any CPU
		{9DEDA821-4641-4FB0-A720-37B6C4C5003D}.Debug|Any CPU.Build.0 = Debug|Any CPU
		{9DEDA821-4641-4FB0-A720-37B6C4C5003D}.Release|Any CPU.ActiveCfg = Release|Any CPU
		{9DEDA821-4641-4FB0-A720-37B6C4C5003D}.Release|Any CPU.Build.0 = Release|Any CPU
		{6339F515-4396-405C-B0C0-EEE9237C6981}.Debug|Any CPU.ActiveCfg = Debug|Any CPU
		{6339F515-4396-405C-B0C0-EEE9237C6981}.Debug|Any CPU.Build.0 = Debug|Any CPU
		{6339F515-4396-405C-B0C0-EEE9237C6981}.Release|Any CPU.ActiveCfg = Release|Any CPU
		{6339F515-4396-405C-B0C0-EEE9237C6981}.Release|Any CPU.Build.0 = Release|Any CPU
	EndGlobalSection
	GlobalSection(SolutionProperties) = preSolution
		HideSolutionNode = FALSE
	EndGlobalSection
	GlobalSection(ExtensibilityGlobals) = postSolution
		SolutionGuid = {252053B5-C3A5-4AB8-AC6A-29ACF271DE3C}
	EndGlobalSection
EndGlobal
